
Microsoft Visual Studio Solution File, Format Version 12.00
# Visual Studio Version 17
VisualStudioVersion = 17.3.32819.101
MinimumVisualStudioVersion = 10.0.40219.1
Project("{FAE04EC0-301F-11D3-BF4B-00C04F79EFBC}") = "WindowsFormsApp3", "WindowsFormsApp3\WindowsFormsApp3.csproj", "{7A91AB42-5671-4AB8-AFDE-D3DBD3B3FC8D}"
EndProject
Project("{2150E333-8FDC-42A3-9474-1A3956D46DE8}") = "NewFolder1", "NewFolder1", "{7B1DECF4-1037-4764-8DD8-C960523F1A21}"
EndProject
Project("{2150E333-8FDC-42A3-9474-1A3956D46DE8}") = "Solution Items", "Solution Items", "{FCB8934B-2B52-4D25-9354-F58033E1D41F}"
EndProject
Global
	GlobalSection(SolutionConfigurationPlatforms) = preSolution
		Debug|Any CPU = Debug|Any CPU
		Release|Any CPU = Release|Any CPU
	EndGlobalSection
	GlobalSection(ProjectConfigurationPlatforms) = postSolution
		{7A91AB42-5671-4AB8-AFDE-D3DBD3B3FC8D}.Debug|Any CPU.ActiveCfg = Debug|Any CPU
		{7A91AB42-5671-4AB8-AFDE-D3DBD3B3FC8D}.Debug|Any CPU.Build.0 = Debug|Any CPU
		{7A91AB42-5671-4AB8-AFDE-D3DBD3B3FC8D}.Release|Any CPU.ActiveCfg = Release|Any CPU
		{7A91AB42-5671-4AB8-AFDE-D3DBD3B3FC8D}.Release|Any CPU.Build.0 = Release|Any CPU
	EndGlobalSection
	GlobalSection(SolutionProperties) = preSolution
		HideSolutionNode = FALSE
	EndGlobalSection
	GlobalSection(ExtensibilityGlobals) = postSolution
		SolutionGuid = {A2E13DE8-73CB-46B5-ACB8-8010D518F30D}
	EndGlobalSection
EndGlobal
